// !$*UTF8*$!
{
	archiveVersion = 1;
	classes = {
	};
	objectVersion = 50;
	objects = {

/* Begin PBXBuildFile section */
		AFB06D6723F9E99C001B652B /* LoginViewController.swift in Sources */ = {isa = PBXBuildFile; fileRef = AFB06D6623F9E99C001B652B /* LoginViewController.swift */; };
		AFB06D6923FB49BC001B652B /* LoginPromptViewController.swift in Sources */ = {isa = PBXBuildFile; fileRef = AFB06D6823FB49BC001B652B /* LoginPromptViewController.swift */; };
		AFB06D6B23FB4EAE001B652B /* SignUpViewController.swift in Sources */ = {isa = PBXBuildFile; fileRef = AFB06D6A23FB4EAE001B652B /* SignUpViewController.swift */; };
		AFFEDE7823D9F0B5002D6E82 /* AppDelegate.swift in Sources */ = {isa = PBXBuildFile; fileRef = AFFEDE7723D9F0B5002D6E82 /* AppDelegate.swift */; };
		AFFEDE7A23D9F0B5002D6E82 /* SceneDelegate.swift in Sources */ = {isa = PBXBuildFile; fileRef = AFFEDE7923D9F0B5002D6E82 /* SceneDelegate.swift */; };
		AFFEDE7C23D9F0B5002D6E82 /* FirstViewController.swift in Sources */ = {isa = PBXBuildFile; fileRef = AFFEDE7B23D9F0B5002D6E82 /* FirstViewController.swift */; };
		AFFEDE8123D9F0B5002D6E82 /* Main.storyboard in Resources */ = {isa = PBXBuildFile; fileRef = AFFEDE7F23D9F0B5002D6E82 /* Main.storyboard */; };
		AFFEDE8323D9F0B7002D6E82 /* Assets.xcassets in Resources */ = {isa = PBXBuildFile; fileRef = AFFEDE8223D9F0B7002D6E82 /* Assets.xcassets */; };
		AFFEDE8623D9F0B7002D6E82 /* LaunchScreen.storyboard in Resources */ = {isa = PBXBuildFile; fileRef = AFFEDE8423D9F0B7002D6E82 /* LaunchScreen.storyboard */; };
		AFFEDE9123D9F0B7002D6E82 /* iOS_UI_MockupTests.swift in Sources */ = {isa = PBXBuildFile; fileRef = AFFEDE9023D9F0B7002D6E82 /* iOS_UI_MockupTests.swift */; };
		AFFEDE9C23D9F0B7002D6E82 /* iOS_UI_MockupUITests.swift in Sources */ = {isa = PBXBuildFile; fileRef = AFFEDE9B23D9F0B7002D6E82 /* iOS_UI_MockupUITests.swift */; };
		AFFEDEAB23DB80B2002D6E82 /* TabbedPages.storyboard in Resources */ = {isa = PBXBuildFile; fileRef = AFFEDEA923DB80B2002D6E82 /* TabbedPages.storyboard */; };
		AFFEDEAE23DB8AD1002D6E82 /* Settings.storyboard in Resources */ = {isa = PBXBuildFile; fileRef = AFFEDEAC23DB8AD1002D6E82 /* Settings.storyboard */; };
		AFFEDEB023DB8AF2002D6E82 /* Calendar.storyboard in Resources */ = {isa = PBXBuildFile; fileRef = AFFEDEAF23DB8AF2002D6E82 /* Calendar.storyboard */; };
/* End PBXBuildFile section */

/* Begin PBXContainerItemProxy section */
		AFFEDE8D23D9F0B7002D6E82 /* PBXContainerItemProxy */ = {
			isa = PBXContainerItemProxy;
			containerPortal = AFFEDE6C23D9F0B5002D6E82 /* Project object */;
			proxyType = 1;
			remoteGlobalIDString = AFFEDE7323D9F0B5002D6E82;
			remoteInfo = "iOS UI Mockup";
		};
		AFFEDE9823D9F0B7002D6E82 /* PBXContainerItemProxy */ = {
			isa = PBXContainerItemProxy;
			containerPortal = AFFEDE6C23D9F0B5002D6E82 /* Project object */;
			proxyType = 1;
			remoteGlobalIDString = AFFEDE7323D9F0B5002D6E82;
			remoteInfo = "iOS UI Mockup";
		};
/* End PBXContainerItemProxy section */

/* Begin PBXFileReference section */
		AFB06D6623F9E99C001B652B /* LoginViewController.swift */ = {isa = PBXFileReference; lastKnownFileType = sourcecode.swift; path = LoginViewController.swift; sourceTree = "<group>"; };
		AFB06D6823FB49BC001B652B /* LoginPromptViewController.swift */ = {isa = PBXFileReference; lastKnownFileType = sourcecode.swift; path = LoginPromptViewController.swift; sourceTree = "<group>"; };
		AFB06D6A23FB4EAE001B652B /* SignUpViewController.swift */ = {isa = PBXFileReference; lastKnownFileType = sourcecode.swift; path = SignUpViewController.swift; sourceTree = "<group>"; };
		AFFEDE7423D9F0B5002D6E82 /* iOS UI Mockup.app */ = {isa = PBXFileReference; explicitFileType = wrapper.application; includeInIndex = 0; path = "iOS UI Mockup.app"; sourceTree = BUILT_PRODUCTS_DIR; };
		AFFEDE7723D9F0B5002D6E82 /* AppDelegate.swift */ = {isa = PBXFileReference; lastKnownFileType = sourcecode.swift; path = AppDelegate.swift; sourceTree = "<group>"; };
		AFFEDE7923D9F0B5002D6E82 /* SceneDelegate.swift */ = {isa = PBXFileReference; lastKnownFileType = sourcecode.swift; path = SceneDelegate.swift; sourceTree = "<group>"; };
		AFFEDE7B23D9F0B5002D6E82 /* FirstViewController.swift */ = {isa = PBXFileReference; lastKnownFileType = sourcecode.swift; path = FirstViewController.swift; sourceTree = "<group>"; };
		AFFEDE8023D9F0B5002D6E82 /* Base */ = {isa = PBXFileReference; lastKnownFileType = file.storyboard; name = Base; path = Base.lproj/Main.storyboard; sourceTree = "<group>"; };
		AFFEDE8223D9F0B7002D6E82 /* Assets.xcassets */ = {isa = PBXFileReference; lastKnownFileType = folder.assetcatalog; path = Assets.xcassets; sourceTree = "<group>"; };
		AFFEDE8523D9F0B7002D6E82 /* Base */ = {isa = PBXFileReference; lastKnownFileType = file.storyboard; name = Base; path = Base.lproj/LaunchScreen.storyboard; sourceTree = "<group>"; };
		AFFEDE8723D9F0B7002D6E82 /* Info.plist */ = {isa = PBXFileReference; lastKnownFileType = text.plist.xml; path = Info.plist; sourceTree = "<group>"; };
		AFFEDE8C23D9F0B7002D6E82 /* iOS UI MockupTests.xctest */ = {isa = PBXFileReference; explicitFileType = wrapper.cfbundle; includeInIndex = 0; path = "iOS UI MockupTests.xctest"; sourceTree = BUILT_PRODUCTS_DIR; };
		AFFEDE9023D9F0B7002D6E82 /* iOS_UI_MockupTests.swift */ = {isa = PBXFileReference; lastKnownFileType = sourcecode.swift; path = iOS_UI_MockupTests.swift; sourceTree = "<group>"; };
		AFFEDE9223D9F0B7002D6E82 /* Info.plist */ = {isa = PBXFileReference; lastKnownFileType = text.plist.xml; path = Info.plist; sourceTree = "<group>"; };
		AFFEDE9723D9F0B7002D6E82 /* iOS UI MockupUITests.xctest */ = {isa = PBXFileReference; explicitFileType = wrapper.cfbundle; includeInIndex = 0; path = "iOS UI MockupUITests.xctest"; sourceTree = BUILT_PRODUCTS_DIR; };
		AFFEDE9B23D9F0B7002D6E82 /* iOS_UI_MockupUITests.swift */ = {isa = PBXFileReference; lastKnownFileType = sourcecode.swift; path = iOS_UI_MockupUITests.swift; sourceTree = "<group>"; };
		AFFEDE9D23D9F0B7002D6E82 /* Info.plist */ = {isa = PBXFileReference; lastKnownFileType = text.plist.xml; path = Info.plist; sourceTree = "<group>"; };
		AFFEDEAA23DB80B2002D6E82 /* Base */ = {isa = PBXFileReference; lastKnownFileType = file.storyboard; name = Base; path = "iOS UI Mockup/Base.lproj/TabbedPages.storyboard"; sourceTree = "<group>"; };
		AFFEDEAD23DB8AD1002D6E82 /* Base */ = {isa = PBXFileReference; lastKnownFileType = file.storyboard; name = Base; path = "iOS UI Mockup/iOS UI Mockup/Base.lproj/Settings.storyboard"; sourceTree = "<group>"; };
		AFFEDEAF23DB8AF2002D6E82 /* Calendar.storyboard */ = {isa = PBXFileReference; fileEncoding = 4; lastKnownFileType = file.storyboard; path = Calendar.storyboard; sourceTree = "<group>"; };
/* End PBXFileReference section */

/* Begin PBXFrameworksBuildPhase section */
		AFFEDE7123D9F0B5002D6E82 /* Frameworks */ = {
			isa = PBXFrameworksBuildPhase;
			buildActionMask = 2147483647;
			files = (
			);
			runOnlyForDeploymentPostprocessing = 0;
		};
		AFFEDE8923D9F0B7002D6E82 /* Frameworks */ = {
			isa = PBXFrameworksBuildPhase;
			buildActionMask = 2147483647;
			files = (
			);
			runOnlyForDeploymentPostprocessing = 0;
		};
		AFFEDE9423D9F0B7002D6E82 /* Frameworks */ = {
			isa = PBXFrameworksBuildPhase;
			buildActionMask = 2147483647;
			files = (
			);
			runOnlyForDeploymentPostprocessing = 0;
		};
/* End PBXFrameworksBuildPhase section */

/* Begin PBXGroup section */
		AFFEDE6B23D9F0B5002D6E82 = {
			isa = PBXGroup;
			children = (
				AFFEDE7623D9F0B5002D6E82 /* iOS UI Mockup */,
				AFFEDE8F23D9F0B7002D6E82 /* iOS UI MockupTests */,
				AFFEDE9A23D9F0B7002D6E82 /* iOS UI MockupUITests */,
				AFFEDE7523D9F0B5002D6E82 /* Products */,
			);
			sourceTree = "<group>";
		};
		AFFEDE7523D9F0B5002D6E82 /* Products */ = {
			isa = PBXGroup;
			children = (
				AFFEDE7423D9F0B5002D6E82 /* iOS UI Mockup.app */,
				AFFEDE8C23D9F0B7002D6E82 /* iOS UI MockupTests.xctest */,
				AFFEDE9723D9F0B7002D6E82 /* iOS UI MockupUITests.xctest */,
			);
			name = Products;
			sourceTree = "<group>";
		};
		AFFEDE7623D9F0B5002D6E82 /* iOS UI Mockup */ = {
			isa = PBXGroup;
			children = (
				AFFEDE7723D9F0B5002D6E82 /* AppDelegate.swift */,
				AFFEDE7923D9F0B5002D6E82 /* SceneDelegate.swift */,
				AFFEDE7B23D9F0B5002D6E82 /* FirstViewController.swift */,
				AFB06D6823FB49BC001B652B /* LoginPromptViewController.swift */,
				AFB06D6623F9E99C001B652B /* LoginViewController.swift */,
				AFB06D6A23FB4EAE001B652B /* SignUpViewController.swift */,
				AFFEDE8423D9F0B7002D6E82 /* LaunchScreen.storyboard */,
				AFFEDE7F23D9F0B5002D6E82 /* Main.storyboard */,
				AFFEDEA923DB80B2002D6E82 /* TabbedPages.storyboard */,
				AFFEDEAC23DB8AD1002D6E82 /* Settings.storyboard */,
				AFFEDEAF23DB8AF2002D6E82 /* Calendar.storyboard */,
				AFFEDE8223D9F0B7002D6E82 /* Assets.xcassets */,
				AFFEDE8723D9F0B7002D6E82 /* Info.plist */,
			);
			path = "iOS UI Mockup";
			sourceTree = "<group>";
		};
		AFFEDE8F23D9F0B7002D6E82 /* iOS UI MockupTests */ = {
			isa = PBXGroup;
			children = (
				AFFEDE9023D9F0B7002D6E82 /* iOS_UI_MockupTests.swift */,
				AFFEDE9223D9F0B7002D6E82 /* Info.plist */,
			);
			path = "iOS UI MockupTests";
			sourceTree = "<group>";
		};
		AFFEDE9A23D9F0B7002D6E82 /* iOS UI MockupUITests */ = {
			isa = PBXGroup;
			children = (
				AFFEDE9B23D9F0B7002D6E82 /* iOS_UI_MockupUITests.swift */,
				AFFEDE9D23D9F0B7002D6E82 /* Info.plist */,
			);
			path = "iOS UI MockupUITests";
			sourceTree = "<group>";
		};
/* End PBXGroup section */

/* Begin PBXNativeTarget section */
		AFFEDE7323D9F0B5002D6E82 /* iOS UI Mockup */ = {
			isa = PBXNativeTarget;
			buildConfigurationList = AFFEDEA023D9F0B7002D6E82 /* Build configuration list for PBXNativeTarget "iOS UI Mockup" */;
			buildPhases = (
				AFFEDE7023D9F0B5002D6E82 /* Sources */,
				AFFEDE7123D9F0B5002D6E82 /* Frameworks */,
				AFFEDE7223D9F0B5002D6E82 /* Resources */,
			);
			buildRules = (
			);
			dependencies = (
			);
			name = "iOS UI Mockup";
			productName = "iOS UI Mockup";
			productReference = AFFEDE7423D9F0B5002D6E82 /* iOS UI Mockup.app */;
			productType = "com.apple.product-type.application";
		};
		AFFEDE8B23D9F0B7002D6E82 /* iOS UI MockupTests */ = {
			isa = PBXNativeTarget;
			buildConfigurationList = AFFEDEA323D9F0B7002D6E82 /* Build configuration list for PBXNativeTarget "iOS UI MockupTests" */;
			buildPhases = (
				AFFEDE8823D9F0B7002D6E82 /* Sources */,
				AFFEDE8923D9F0B7002D6E82 /* Frameworks */,
				AFFEDE8A23D9F0B7002D6E82 /* Resources */,
			);
			buildRules = (
			);
			dependencies = (
				AFFEDE8E23D9F0B7002D6E82 /* PBXTargetDependency */,
			);
			name = "iOS UI MockupTests";
			productName = "iOS UI MockupTests";
			productReference = AFFEDE8C23D9F0B7002D6E82 /* iOS UI MockupTests.xctest */;
			productType = "com.apple.product-type.bundle.unit-test";
		};
		AFFEDE9623D9F0B7002D6E82 /* iOS UI MockupUITests */ = {
			isa = PBXNativeTarget;
			buildConfigurationList = AFFEDEA623D9F0B7002D6E82 /* Build configuration list for PBXNativeTarget "iOS UI MockupUITests" */;
			buildPhases = (
				AFFEDE9323D9F0B7002D6E82 /* Sources */,
				AFFEDE9423D9F0B7002D6E82 /* Frameworks */,
				AFFEDE9523D9F0B7002D6E82 /* Resources */,
			);
			buildRules = (
			);
			dependencies = (
				AFFEDE9923D9F0B7002D6E82 /* PBXTargetDependency */,
			);
			name = "iOS UI MockupUITests";
			productName = "iOS UI MockupUITests";
			productReference = AFFEDE9723D9F0B7002D6E82 /* iOS UI MockupUITests.xctest */;
			productType = "com.apple.product-type.bundle.ui-testing";
		};
/* End PBXNativeTarget section */

/* Begin PBXProject section */
		AFFEDE6C23D9F0B5002D6E82 /* Project object */ = {
			isa = PBXProject;
			attributes = {
				LastSwiftUpdateCheck = 1130;
				LastUpgradeCheck = 1130;
				ORGANIZATIONNAME = "Max Van de Wille";
				TargetAttributes = {
					AFFEDE7323D9F0B5002D6E82 = {
						CreatedOnToolsVersion = 11.3.1;
					};
					AFFEDE8B23D9F0B7002D6E82 = {
						CreatedOnToolsVersion = 11.3.1;
						TestTargetID = AFFEDE7323D9F0B5002D6E82;
					};
					AFFEDE9623D9F0B7002D6E82 = {
						CreatedOnToolsVersion = 11.3.1;
						TestTargetID = AFFEDE7323D9F0B5002D6E82;
					};
				};
			};
			buildConfigurationList = AFFEDE6F23D9F0B5002D6E82 /* Build configuration list for PBXProject "iOS UI Mockup" */;
			compatibilityVersion = "Xcode 9.3";
			developmentRegion = en;
			hasScannedForEncodings = 0;
			knownRegions = (
				en,
				Base,
			);
			mainGroup = AFFEDE6B23D9F0B5002D6E82;
			productRefGroup = AFFEDE7523D9F0B5002D6E82 /* Products */;
			projectDirPath = "";
			projectRoot = "";
			targets = (
				AFFEDE7323D9F0B5002D6E82 /* iOS UI Mockup */,
				AFFEDE8B23D9F0B7002D6E82 /* iOS UI MockupTests */,
				AFFEDE9623D9F0B7002D6E82 /* iOS UI MockupUITests */,
			);
		};
/* End PBXProject section */

/* Begin PBXResourcesBuildPhase section */
		AFFEDE7223D9F0B5002D6E82 /* Resources */ = {
			isa = PBXResourcesBuildPhase;
			buildActionMask = 2147483647;
			files = (
				AFFEDEB023DB8AF2002D6E82 /* Calendar.storyboard in Resources */,
				AFFEDE8623D9F0B7002D6E82 /* LaunchScreen.storyboard in Resources */,
				AFFEDE8323D9F0B7002D6E82 /* Assets.xcassets in Resources */,
				AFFEDE8123D9F0B5002D6E82 /* Main.storyboard in Resources */,
				AFFEDEAB23DB80B2002D6E82 /* TabbedPages.storyboard in Resources */,
				AFFEDEAE23DB8AD1002D6E82 /* Settings.storyboard in Resources */,
			);
			runOnlyForDeploymentPostprocessing = 0;
		};
		AFFEDE8A23D9F0B7002D6E82 /* Resources */ = {
			isa = PBXResourcesBuildPhase;
			buildActionMask = 2147483647;
			files = (
			);
			runOnlyForDeploymentPostprocessing = 0;
		};
		AFFEDE9523D9F0B7002D6E82 /* Resources */ = {
			isa = PBXResourcesBuildPhase;
			buildActionMask = 2147483647;
			files = (
			);
			runOnlyForDeploymentPostprocessing = 0;
		};
/* End PBXResourcesBuildPhase section */

/* Begin PBXSourcesBuildPhase section */
		AFFEDE7023D9F0B5002D6E82 /* Sources */ = {
			isa = PBXSourcesBuildPhase;
			buildActionMask = 2147483647;
			files = (
				AFB06D6B23FB4EAE001B652B /* SignUpViewController.swift in Sources */,
				AFFEDE7C23D9F0B5002D6E82 /* FirstViewController.swift in Sources */,
				AFFEDE7823D9F0B5002D6E82 /* AppDelegate.swift in Sources */,
				AFB06D6923FB49BC001B652B /* LoginPromptViewController.swift in Sources */,
				AFB06D6723F9E99C001B652B /* LoginViewController.swift in Sources */,
				AFFEDE7A23D9F0B5002D6E82 /* SceneDelegate.swift in Sources */,
			);
			runOnlyForDeploymentPostprocessing = 0;
		};
		AFFEDE8823D9F0B7002D6E82 /* Sources */ = {
			isa = PBXSourcesBuildPhase;
			buildActionMask = 2147483647;
			files = (
				AFFEDE9123D9F0B7002D6E82 /* iOS_UI_MockupTests.swift in Sources */,
			);
			runOnlyForDeploymentPostprocessing = 0;
		};
		AFFEDE9323D9F0B7002D6E82 /* Sources */ = {
			isa = PBXSourcesBuildPhase;
			buildActionMask = 2147483647;
			files = (
				AFFEDE9C23D9F0B7002D6E82 /* iOS_UI_MockupUITests.swift in Sources */,
			);
			runOnlyForDeploymentPostprocessing = 0;
		};
/* End PBXSourcesBuildPhase section */

/* Begin PBXTargetDependency section */
		AFFEDE8E23D9F0B7002D6E82 /* PBXTargetDependency */ = {
			isa = PBXTargetDependency;
			target = AFFEDE7323D9F0B5002D6E82 /* iOS UI Mockup */;
			targetProxy = AFFEDE8D23D9F0B7002D6E82 /* PBXContainerItemProxy */;
		};
		AFFEDE9923D9F0B7002D6E82 /* PBXTargetDependency */ = {
			isa = PBXTargetDependency;
			target = AFFEDE7323D9F0B5002D6E82 /* iOS UI Mockup */;
			targetProxy = AFFEDE9823D9F0B7002D6E82 /* PBXContainerItemProxy */;
		};
/* End PBXTargetDependency section */

/* Begin PBXVariantGroup section */
		AFFEDE7F23D9F0B5002D6E82 /* Main.storyboard */ = {
			isa = PBXVariantGroup;
			children = (
				AFFEDE8023D9F0B5002D6E82 /* Base */,
			);
			name = Main.storyboard;
			sourceTree = "<group>";
		};
		AFFEDE8423D9F0B7002D6E82 /* LaunchScreen.storyboard */ = {
			isa = PBXVariantGroup;
			children = (
				AFFEDE8523D9F0B7002D6E82 /* Base */,
			);
			name = LaunchScreen.storyboard;
			sourceTree = "<group>";
		};
		AFFEDEA923DB80B2002D6E82 /* TabbedPages.storyboard */ = {
			isa = PBXVariantGroup;
			children = (
				AFFEDEAA23DB80B2002D6E82 /* Base */,
			);
			name = TabbedPages.storyboard;
			sourceTree = "<group>";
		};
		AFFEDEAC23DB8AD1002D6E82 /* Settings.storyboard */ = {
			isa = PBXVariantGroup;
			children = (
				AFFEDEAD23DB8AD1002D6E82 /* Base */,
			);
			name = Settings.storyboard;
			sourceTree = "<group>";
		};
/* End PBXVariantGroup section */

/* Begin XCBuildConfiguration section */
		AFFEDE9E23D9F0B7002D6E82 /* Debug */ = {
			isa = XCBuildConfiguration;
			buildSettings = {
				ALWAYS_SEARCH_USER_PATHS = NO;
				CLANG_ANALYZER_NONNULL = YES;
				CLANG_ANALYZER_NUMBER_OBJECT_CONVERSION = YES_AGGRESSIVE;
				CLANG_CXX_LANGUAGE_STANDARD = "gnu++14";
				CLANG_CXX_LIBRARY = "libc++";
				CLANG_ENABLE_MODULES = YES;
				CLANG_ENABLE_OBJC_ARC = YES;
				CLANG_ENABLE_OBJC_WEAK = YES;
				CLANG_WARN_BLOCK_CAPTURE_AUTORELEASING = YES;
				CLANG_WARN_BOOL_CONVERSION = YES;
				CLANG_WARN_COMMA = YES;
				CLANG_WARN_CONSTANT_CONVERSION = YES;
				CLANG_WARN_DEPRECATED_OBJC_IMPLEMENTATIONS = YES;
				CLANG_WARN_DIRECT_OBJC_ISA_USAGE = YES_ERROR;
				CLANG_WARN_DOCUMENTATION_COMMENTS = YES;
				CLANG_WARN_EMPTY_BODY = YES;
				CLANG_WARN_ENUM_CONVERSION = YES;
				CLANG_WARN_INFINITE_RECURSION = YES;
				CLANG_WARN_INT_CONVERSION = YES;
				CLANG_WARN_NON_LITERAL_NULL_CONVERSION = YES;
				CLANG_WARN_OBJC_IMPLICIT_RETAIN_SELF = YES;
				CLANG_WARN_OBJC_LITERAL_CONVERSION = YES;
				CLANG_WARN_OBJC_ROOT_CLASS = YES_ERROR;
				CLANG_WARN_RANGE_LOOP_ANALYSIS = YES;
				CLANG_WARN_STRICT_PROTOTYPES = YES;
				CLANG_WARN_SUSPICIOUS_MOVE = YES;
				CLANG_WARN_UNGUARDED_AVAILABILITY = YES_AGGRESSIVE;
				CLANG_WARN_UNREACHABLE_CODE = YES;
				CLANG_WARN__DUPLICATE_METHOD_MATCH = YES;
				COPY_PHASE_STRIP = NO;
				DEBUG_INFORMATION_FORMAT = dwarf;
				ENABLE_STRICT_OBJC_MSGSEND = YES;
				ENABLE_TESTABILITY = YES;
				GCC_C_LANGUAGE_STANDARD = gnu11;
				GCC_DYNAMIC_NO_PIC = NO;
				GCC_NO_COMMON_BLOCKS = YES;
				GCC_OPTIMIZATION_LEVEL = 0;
				GCC_PREPROCESSOR_DEFINITIONS = (
					"DEBUG=1",
					"$(inherited)",
				);
				GCC_WARN_64_TO_32_BIT_CONVERSION = YES;
				GCC_WARN_ABOUT_RETURN_TYPE = YES_ERROR;
				GCC_WARN_UNDECLARED_SELECTOR = YES;
				GCC_WARN_UNINITIALIZED_AUTOS = YES_AGGRESSIVE;
				GCC_WARN_UNUSED_FUNCTION = YES;
				GCC_WARN_UNUSED_VARIABLE = YES;
				IPHONEOS_DEPLOYMENT_TARGET = 13.2;
				MTL_ENABLE_DEBUG_INFO = INCLUDE_SOURCE;
				MTL_FAST_MATH = YES;
				ONLY_ACTIVE_ARCH = YES;
				SDKROOT = iphoneos;
				SWIFT_ACTIVE_COMPILATION_CONDITIONS = DEBUG;
				SWIFT_OPTIMIZATION_LEVEL = "-Onone";
			};
			name = Debug;
		};
		AFFEDE9F23D9F0B7002D6E82 /* Release */ = {
			isa = XCBuildConfiguration;
			buildSettings = {
				ALWAYS_SEARCH_USER_PATHS = NO;
				CLANG_ANALYZER_NONNULL = YES;
				CLANG_ANALYZER_NUMBER_OBJECT_CONVERSION = YES_AGGRESSIVE;
				CLANG_CXX_LANGUAGE_STANDARD = "gnu++14";
				CLANG_CXX_LIBRARY = "libc++";
				CLANG_ENABLE_MODULES = YES;
				CLANG_ENABLE_OBJC_ARC = YES;
				CLANG_ENABLE_OBJC_WEAK = YES;
				CLANG_WARN_BLOCK_CAPTURE_AUTORELEASING = YES;
				CLANG_WARN_BOOL_CONVERSION = YES;
				CLANG_WARN_COMMA = YES;
				CLANG_WARN_CONSTANT_CONVERSION = YES;
				CLANG_WARN_DEPRECATED_OBJC_IMPLEMENTATIONS = YES;
				CLANG_WARN_DIRECT_OBJC_ISA_USAGE = YES_ERROR;
				CLANG_WARN_DOCUMENTATION_COMMENTS = YES;
				CLANG_WARN_EMPTY_BODY = YES;
				CLANG_WARN_ENUM_CONVERSION = YES;
				CLANG_WARN_INFINITE_RECURSION = YES;
				CLANG_WARN_INT_CONVERSION = YES;
				CLANG_WARN_NON_LITERAL_NULL_CONVERSION = YES;
				CLANG_WARN_OBJC_IMPLICIT_RETAIN_SELF = YES;
				CLANG_WARN_OBJC_LITERAL_CONVERSION = YES;
				CLANG_WARN_OBJC_ROOT_CLASS = YES_ERROR;
				CLANG_WARN_RANGE_LOOP_ANALYSIS = YES;
				CLANG_WARN_STRICT_PROTOTYPES = YES;
				CLANG_WARN_SUSPICIOUS_MOVE = YES;
				CLANG_WARN_UNGUARDED_AVAILABILITY = YES_AGGRESSIVE;
				CLANG_WARN_UNREACHABLE_CODE = YES;
				CLANG_WARN__DUPLICATE_METHOD_MATCH = YES;
				COPY_PHASE_STRIP = NO;
				DEBUG_INFORMATION_FORMAT = "dwarf-with-dsym";
				ENABLE_NS_ASSERTIONS = NO;
				ENABLE_STRICT_OBJC_MSGSEND = YES;
				GCC_C_LANGUAGE_STANDARD = gnu11;
				GCC_NO_COMMON_BLOCKS = YES;
				GCC_WARN_64_TO_32_BIT_CONVERSION = YES;
				GCC_WARN_ABOUT_RETURN_TYPE = YES_ERROR;
				GCC_WARN_UNDECLARED_SELECTOR = YES;
				GCC_WARN_UNINITIALIZED_AUTOS = YES_AGGRESSIVE;
				GCC_WARN_UNUSED_FUNCTION = YES;
				GCC_WARN_UNUSED_VARIABLE = YES;
				IPHONEOS_DEPLOYMENT_TARGET = 13.2;
				MTL_ENABLE_DEBUG_INFO = NO;
				MTL_FAST_MATH = YES;
				SDKROOT = iphoneos;
				SWIFT_COMPILATION_MODE = wholemodule;
				SWIFT_OPTIMIZATION_LEVEL = "-O";
				VALIDATE_PRODUCT = YES;
			};
			name = Release;
		};
		AFFEDEA123D9F0B7002D6E82 /* Debug */ = {
			isa = XCBuildConfiguration;
			buildSettings = {
				ASSETCATALOG_COMPILER_APPICON_NAME = AppIcon;
				CODE_SIGN_STYLE = Automatic;
				DEVELOPMENT_TEAM = J79C7UK64W;
				INFOPLIST_FILE = "iOS UI Mockup/Info.plist";
				LD_RUNPATH_SEARCH_PATHS = (
					"$(inherited)",
					"@executable_path/Frameworks",
				);
				PRODUCT_BUNDLE_IDENTIFIER = "com.mvandewille.iOS-UI-Mockup";
				PRODUCT_NAME = "$(TARGET_NAME)";
				SWIFT_VERSION = 5.0;
				TARGETED_DEVICE_FAMILY = 1;
			};
			name = Debug;
		};
		AFFEDEA223D9F0B7002D6E82 /* Release */ = {
			isa = XCBuildConfiguration;
			buildSettings = {
				ASSETCATALOG_COMPILER_APPICON_NAME = AppIcon;
				CODE_SIGN_STYLE = Automatic;
				DEVELOPMENT_TEAM = J79C7UK64W;
				INFOPLIST_FILE = "iOS UI Mockup/Info.plist";
				LD_RUNPATH_SEARCH_PATHS = (
					"$(inherited)",
					"@executable_path/Frameworks",
				);
				PRODUCT_BUNDLE_IDENTIFIER = "com.mvandewille.iOS-UI-Mockup";
				PRODUCT_NAME = "$(TARGET_NAME)";
				SWIFT_VERSION = 5.0;
				TARGETED_DEVICE_FAMILY = 1;
			};
			name = Release;
		};
		AFFEDEA423D9F0B7002D6E82 /* Debug */ = {
			isa = XCBuildConfiguration;
			buildSettings = {
				ALWAYS_EMBED_SWIFT_STANDARD_LIBRARIES = YES;
				BUNDLE_LOADER = "$(TEST_HOST)";
				CODE_SIGN_STYLE = Automatic;
				DEVELOPMENT_TEAM = J79C7UK64W;
				INFOPLIST_FILE = "iOS UI MockupTests/Info.plist";
				IPHONEOS_DEPLOYMENT_TARGET = 13.2;
				LD_RUNPATH_SEARCH_PATHS = (
					"$(inherited)",
					"@executable_path/Frameworks",
					"@loader_path/Frameworks",
				);
				PRODUCT_BUNDLE_IDENTIFIER = "com.mvandewille.iOS-UI-MockupTests";
				PRODUCT_NAME = "$(TARGET_NAME)";
				SWIFT_VERSION = 5.0;
				TARGETED_DEVICE_FAMILY = "1,2";
				TEST_HOST = "$(BUILT_PRODUCTS_DIR)/iOS UI Mockup.app/iOS UI Mockup";
			};
			name = Debug;
		};
		AFFEDEA523D9F0B7002D6E82 /* Release */ = {
			isa = XCBuildConfiguration;
			buildSettings = {
				ALWAYS_EMBED_SWIFT_STANDARD_LIBRARIES = YES;
				BUNDLE_LOADER = "$(TEST_HOST)";
				CODE_SIGN_STYLE = Automatic;
				DEVELOPMENT_TEAM = J79C7UK64W;
				INFOPLIST_FILE = "iOS UI MockupTests/Info.plist";
				IPHONEOS_DEPLOYMENT_TARGET = 13.2;
				LD_RUNPATH_SEARCH_PATHS = (
					"$(inherited)",
					"@executable_path/Frameworks",
					"@loader_path/Frameworks",
				);
				PRODUCT_BUNDLE_IDENTIFIER = "com.mvandewille.iOS-UI-MockupTests";
				PRODUCT_NAME = "$(TARGET_NAME)";
				SWIFT_VERSION = 5.0;
				TARGETED_DEVICE_FAMILY = "1,2";
				TEST_HOST = "$(BUILT_PRODUCTS_DIR)/iOS UI Mockup.app/iOS UI Mockup";
			};
			name = Release;
		};
		AFFEDEA723D9F0B7002D6E82 /* Debug */ = {
			isa = XCBuildConfiguration;
			buildSettings = {
				ALWAYS_EMBED_SWIFT_STANDARD_LIBRARIES = YES;
				CODE_SIGN_STYLE = Automatic;
				DEVELOPMENT_TEAM = J79C7UK64W;
				INFOPLIST_FILE = "iOS UI MockupUITests/Info.plist";
				LD_RUNPATH_SEARCH_PATHS = (
					"$(inherited)",
					"@executable_path/Frameworks",
					"@loader_path/Frameworks",
				);
				PRODUCT_BUNDLE_IDENTIFIER = "com.mvandewille.iOS-UI-MockupUITests";
				PRODUCT_NAME = "$(TARGET_NAME)";
				SWIFT_VERSION = 5.0;
				TARGETED_DEVICE_FAMILY = "1,2";
				TEST_TARGET_NAME = "iOS UI Mockup";
			};
			name = Debug;
		};
		AFFEDEA823D9F0B7002D6E82 /* Release */ = {
			isa = XCBuildConfiguration;
			buildSettings = {
				ALWAYS_EMBED_SWIFT_STANDARD_LIBRARIES = YES;
				CODE_SIGN_STYLE = Automatic;
				DEVELOPMENT_TEAM = J79C7UK64W;
				INFOPLIST_FILE = "iOS UI MockupUITests/Info.plist";
				LD_RUNPATH_SEARCH_PATHS = (
					"$(inherited)",
					"@executable_path/Frameworks",
					"@loader_path/Frameworks",
				);
				PRODUCT_BUNDLE_IDENTIFIER = "com.mvandewille.iOS-UI-MockupUITests";
				PRODUCT_NAME = "$(TARGET_NAME)";
				SWIFT_VERSION = 5.0;
				TARGETED_DEVICE_FAMILY = "1,2";
				TEST_TARGET_NAME = "iOS UI Mockup";
			};
			name = Release;
		};
/* End XCBuildConfiguration section */

/* Begin XCConfigurationList section */
		AFFEDE6F23D9F0B5002D6E82 /* Build configuration list for PBXProject "iOS UI Mockup" */ = {
			isa = XCConfigurationList;
			buildConfigurations = (
				AFFEDE9E23D9F0B7002D6E82 /* Debug */,
				AFFEDE9F23D9F0B7002D6E82 /* Release */,
			);
			defaultConfigurationIsVisible = 0;
			defaultConfigurationName = Release;
		};
		AFFEDEA023D9F0B7002D6E82 /* Build configuration list for PBXNativeTarget "iOS UI Mockup" */ = {
			isa = XCConfigurationList;
			buildConfigurations = (
				AFFEDEA123D9F0B7002D6E82 /* Debug */,
				AFFEDEA223D9F0B7002D6E82 /* Release */,
			);
			defaultConfigurationIsVisible = 0;
			defaultConfigurationName = Release;
		};
		AFFEDEA323D9F0B7002D6E82 /* Build configuration list for PBXNativeTarget "iOS UI MockupTests" */ = {
			isa = XCConfigurationList;
			buildConfigurations = (
				AFFEDEA423D9F0B7002D6E82 /* Debug */,
				AFFEDEA523D9F0B7002D6E82 /* Release */,
			);
			defaultConfigurationIsVisible = 0;
			defaultConfigurationName = Release;
		};
		AFFEDEA623D9F0B7002D6E82 /* Build configuration list for PBXNativeTarget "iOS UI MockupUITests" */ = {
			isa = XCConfigurationList;
			buildConfigurations = (
				AFFEDEA723D9F0B7002D6E82 /* Debug */,
				AFFEDEA823D9F0B7002D6E82 /* Release */,
			);
			defaultConfigurationIsVisible = 0;
			defaultConfigurationName = Release;
		};
/* End XCConfigurationList section */
	};
	rootObject = AFFEDE6C23D9F0B5002D6E82 /* Project object */;
}
